{
  "name": "xijinxcx",
  "version": "1.0.0",
  "lockfileVersion": 2,
  "requires": true,
  "packages": {
    "": {
      "name": "xijinxcx",
      "version": "1.0.0",
      "license": "ISC",
      "dependencies": {
        "save": "^2.4.0",
        "uview-ui": "^1.8.4"
      },
      "devDependencies": {}
    },
    "node_modules/async": {
      "version": "2.6.3",
      "resolved": "https://registry.nlark.com/async/download/async-2.6.3.tgz",
      "integrity": "sha1-1yYl4jRKNlbjo61Pp0n6gymdgv8=",
      "dependencies": {
        "lodash": "^4.17.14"
      }
    },
    "node_modules/duplexer": {
      "version": "0.1.2",
      "resolved": "https://registry.npm.taobao.org/duplexer/download/duplexer-0.1.2.tgz",
      "integrity": "sha1-Or5DrvODX4rgd9E23c4PJ2sEAOY="
    },
    "node_modules/event-stream": {
      "version": "4.0.1",
      "resolved": "https://registry.npm.taobao.org/event-stream/download/event-stream-4.0.1.tgz",
      "integrity": "sha1-QJKAjsmV0N116kWAwd9qdNss3mU=",
      "dependencies": {
        "duplexer": "^0.1.1",
        "from": "^0.1.7",
        "map-stream": "0.0.7",
        "pause-stream": "^0.0.11",
        "split": "^1.0.1",
        "stream-combiner": "^0.2.2",
        "through": "^2.3.8"
      }
    },
    "node_modules/from": {
      "version": "0.1.7",
      "resolved": "https://registry.npm.taobao.org/from/download/from-0.1.7.tgz",
      "integrity": "sha1-g8YK/Fi5xWmXAH7Rp2izqzA6RP4="
    },
    "node_modules/lodash": {
      "version": "4.17.21",
      "resolved": "https://registry.nlark.com/lodash/download/lodash-4.17.21.tgz",
      "integrity": "sha1-Z5WRxWTDv/quhFTPCz3zcMPWkRw="
    },
    "node_modules/lodash.assign": {
      "version": "4.2.0",
      "resolved": "https://registry.nlark.com/lodash.assign/download/lodash.assign-4.2.0.tgz",
      "integrity": "sha1-DZnzzNem0mHRm9rrkkUAXShYCOc="
    },
    "node_modules/map-stream": {
      "version": "0.0.7",
      "resolved": "https://registry.npm.taobao.org/map-stream/download/map-stream-0.0.7.tgz",
      "integrity": "sha1-ih8HiW2CsQkmvTdEokIACfiJdKg="
    },
    "node_modules/mingo": {
      "version": "1.3.3",
      "resolved": "https://registry.npm.taobao.org/mingo/download/mingo-1.3.3.tgz",
      "integrity": "sha1-aSLE0Ufvx3GgFCWixMj3eER4xUY="
    },
    "node_modules/pause-stream": {
      "version": "0.0.11",
      "resolved": "https://registry.npm.taobao.org/pause-stream/download/pause-stream-0.0.11.tgz",
      "integrity": "sha1-/lo0sMvOErWqaitAPuLnO2AvFEU=",
      "dependencies": {
        "through": "~2.3"
      }
    },
    "node_modules/save": {
      "version": "2.4.0",
      "resolved": "https://registry.npm.taobao.org/save/download/save-2.4.0.tgz",
      "integrity": "sha1-r5P/mz16QdCv9JojQzhwYTpGD5s=",
      "dependencies": {
        "async": "^2.6.2",
        "event-stream": "^4.0.1",
        "lodash.assign": "^4.2.0",
        "mingo": "1"
      }
    },
    "node_modules/split": {
      "version": "1.0.1",
      "resolved": "https://registry.npm.taobao.org/split/download/split-1.0.1.tgz",
      "integrity": "sha1-YFvZvjA6pZ+zX5Ip++oN3snqB9k=",
      "dependencies": {
        "through": "2"
      },
      "engines": {
        "node": "*"
      }
    },
    "node_modules/stream-combiner": {
      "version": "0.2.2",
      "resolved": "https://registry.nlark.com/stream-combiner/download/stream-combiner-0.2.2.tgz",
      "integrity": "sha1-rsjLrBd7Vrb0+kec7YwZEs7lKFg=",
      "dependencies": {
        "duplexer": "~0.1.1",
        "through": "~2.3.4"
      }
    },
    "node_modules/through": {
      "version": "2.3.8",
      "resolved": "https://registry.nlark.com/through/download/through-2.3.8.tgz",
      "integrity": "sha1-DdTJ/6q8NXlgsbckEV1+Doai4fU="
    },
    "node_modules/uview-ui": {
      "version": "1.8.4",
      "resolved": "https://registry.npm.taobao.org/uview-ui/download/uview-ui-1.8.4.tgz",
      "integrity": "sha1-4yu/I3lCHTGQIuMk4ct7U4fTvUQ="
    }
  },
  "dependencies": {
    "async": {
      "version": "2.6.3",
      "resolved": "https://registry.nlark.com/async/download/async-2.6.3.tgz",
      "integrity": "sha1-1yYl4jRKNlbjo61Pp0n6gymdgv8=",
      "requires": {
        "lodash": "^4.17.14"
      }
    },
    "duplexer": {
      "version": "0.1.2",
      "resolved": "https://registry.npm.taobao.org/duplexer/download/duplexer-0.1.2.tgz",
      "integrity": "sha1-Or5DrvODX4rgd9E23c4PJ2sEAOY="
    },
    "event-stream": {
      "version": "4.0.1",
      "resolved": "https://registry.npm.taobao.org/event-stream/download/event-stream-4.0.1.tgz",
      "integrity": "sha1-QJKAjsmV0N116kWAwd9qdNss3mU=",
      "requires": {
        "duplexer": "^0.1.1",
        "from": "^0.1.7",
        "map-stream": "0.0.7",
        "pause-stream": "^0.0.11",
        "split": "^1.0.1",
        "stream-combiner": "^0.2.2",
        "through": "^2.3.8"
      }
    },
    "from": {
      "version": "0.1.7",
      "resolved": "https://registry.npm.taobao.org/from/download/from-0.1.7.tgz",
      "integrity": "sha1-g8YK/Fi5xWmXAH7Rp2izqzA6RP4="
    },
    "lodash": {
      "version": "4.17.21",
      "resolved": "https://registry.nlark.com/lodash/download/lodash-4.17.21.tgz",
      "integrity": "sha1-Z5WRxWTDv/quhFTPCz3zcMPWkRw="
    },
    "lodash.assign": {
      "version": "4.2.0",
      "resolved": "https://registry.nlark.com/lodash.assign/download/lodash.assign-4.2.0.tgz",
      "integrity": "sha1-DZnzzNem0mHRm9rrkkUAXShYCOc="
    },
    "map-stream": {
      "version": "0.0.7",
      "resolved": "https://registry.npm.taobao.org/map-stream/download/map-stream-0.0.7.tgz",
      "integrity": "sha1-ih8HiW2CsQkmvTdEokIACfiJdKg="
    },
    "mingo": {
      "version": "1.3.3",
      "resolved": "https://registry.npm.taobao.org/mingo/download/mingo-1.3.3.tgz",
      "integrity": "sha1-aSLE0Ufvx3GgFCWixMj3eER4xUY="
    },
    "pause-stream": {
      "version": "0.0.11",
      "resolved": "https://registry.npm.taobao.org/pause-stream/download/pause-stream-0.0.11.tgz",
      "integrity": "sha1-/lo0sMvOErWqaitAPuLnO2AvFEU=",
      "requires": {
        "through": "~2.3"
      }
    },
    "save": {
      "version": "2.4.0",
      "resolved": "https://registry.npm.taobao.org/save/download/save-2.4.0.tgz",
      "integrity": "sha1-r5P/mz16QdCv9JojQzhwYTpGD5s=",
      "requires": {
        "async": "^2.6.2",
        "event-stream": "^4.0.1",
        "lodash.assign": "^4.2.0",
        "mingo": "1"
      }
    },
    "split": {
      "version": "1.0.1",
      "resolved": "https://registry.npm.taobao.org/split/download/split-1.0.1.tgz",
      "integrity": "sha1-YFvZvjA6pZ+zX5Ip++oN3snqB9k=",
      "requires": {
        "through": "2"
      }
    },
    "stream-combiner": {
      "version": "0.2.2",
      "resolved": "https://registry.nlark.com/stream-combiner/download/stream-combiner-0.2.2.tgz",
      "integrity": "sha1-rsjLrBd7Vrb0+kec7YwZEs7lKFg=",
      "requires": {
        "duplexer": "~0.1.1",
        "through": "~2.3.4"
      }
    },
    "through": {
      "version": "2.3.8",
      "resolved": "https://registry.nlark.com/through/download/through-2.3.8.tgz",
      "integrity": "sha1-DdTJ/6q8NXlgsbckEV1+Doai4fU="
    },
    "uview-ui": {
      "version": "1.8.4",
      "resolved": "https://registry.npm.taobao.org/uview-ui/download/uview-ui-1.8.4.tgz",
      "integrity": "sha1-4yu/I3lCHTGQIuMk4ct7U4fTvUQ="
    }
  }
}
