# THIS IS AN AUTOGENERATED FILE. DO NOT EDIT THIS FILE DIRECTLY.
# yarn lockfile v1


"async@^2.6.2":
  "integrity" "sha1-1yYl4jRKNlbjo61Pp0n6gymdgv8="
  "resolved" "https://registry.nlark.com/async/download/async-2.6.3.tgz"
  "version" "2.6.3"
  dependencies:
    "lodash" "^4.17.14"

"duplexer@^0.1.1", "duplexer@~0.1.1":
  "integrity" "sha1-Or5DrvODX4rgd9E23c4PJ2sEAOY="
  "resolved" "https://registry.npm.taobao.org/duplexer/download/duplexer-0.1.2.tgz"
  "version" "0.1.2"

"event-stream@^4.0.1":
  "integrity" "sha1-QJKAjsmV0N116kWAwd9qdNss3mU="
  "resolved" "https://registry.npm.taobao.org/event-stream/download/event-stream-4.0.1.tgz"
  "version" "4.0.1"
  dependencies:
    "duplexer" "^0.1.1"
    "from" "^0.1.7"
    "map-stream" "0.0.7"
    "pause-stream" "^0.0.11"
    "split" "^1.0.1"
    "stream-combiner" "^0.2.2"
    "through" "^2.3.8"

"from@^0.1.7":
  "integrity" "sha1-g8YK/Fi5xWmXAH7Rp2izqzA6RP4="
  "resolved" "https://registry.npm.taobao.org/from/download/from-0.1.7.tgz"
  "version" "0.1.7"

"lodash.assign@^4.2.0":
  "integrity" "sha1-DZnzzNem0mHRm9rrkkUAXShYCOc="
  "resolved" "https://registry.nlark.com/lodash.assign/download/lodash.assign-4.2.0.tgz"
  "version" "4.2.0"

"lodash@^4.17.14":
  "integrity" "sha1-Z5WRxWTDv/quhFTPCz3zcMPWkRw="
  "resolved" "https://registry.nlark.com/lodash/download/lodash-4.17.21.tgz"
  "version" "4.17.21"

"map-stream@0.0.7":
  "integrity" "sha1-ih8HiW2CsQkmvTdEokIACfiJdKg="
  "resolved" "https://registry.npm.taobao.org/map-stream/download/map-stream-0.0.7.tgz"
  "version" "0.0.7"

"mingo@1":
  "integrity" "sha1-aSLE0Ufvx3GgFCWixMj3eER4xUY="
  "resolved" "https://registry.npm.taobao.org/mingo/download/mingo-1.3.3.tgz"
  "version" "1.3.3"

"pause-stream@^0.0.11":
  "integrity" "sha1-/lo0sMvOErWqaitAPuLnO2AvFEU="
  "resolved" "https://registry.npm.taobao.org/pause-stream/download/pause-stream-0.0.11.tgz"
  "version" "0.0.11"
  dependencies:
    "through" "~2.3"

"save@^2.4.0":
  "integrity" "sha1-r5P/mz16QdCv9JojQzhwYTpGD5s="
  "resolved" "https://registry.npm.taobao.org/save/download/save-2.4.0.tgz"
  "version" "2.4.0"
  dependencies:
    "async" "^2.6.2"
    "event-stream" "^4.0.1"
    "lodash.assign" "^4.2.0"
    "mingo" "1"

"split@^1.0.1":
  "integrity" "sha1-YFvZvjA6pZ+zX5Ip++oN3snqB9k="
  "resolved" "https://registry.npm.taobao.org/split/download/split-1.0.1.tgz"
  "version" "1.0.1"
  dependencies:
    "through" "2"

"stream-combiner@^0.2.2":
  "integrity" "sha1-rsjLrBd7Vrb0+kec7YwZEs7lKFg="
  "resolved" "https://registry.nlark.com/stream-combiner/download/stream-combiner-0.2.2.tgz"
  "version" "0.2.2"
  dependencies:
    "duplexer" "~0.1.1"
    "through" "~2.3.4"

"through@^2.3.8", "through@~2.3", "through@~2.3.4", "through@2":
  "integrity" "sha1-DdTJ/6q8NXlgsbckEV1+Doai4fU="
  "resolved" "https://registry.nlark.com/through/download/through-2.3.8.tgz"
  "version" "2.3.8"

"uview-ui@^1.8.4":
  "integrity" "sha1-4yu/I3lCHTGQIuMk4ct7U4fTvUQ="
  "resolved" "https://registry.npm.taobao.org/uview-ui/download/uview-ui-1.8.4.tgz"
  "version" "1.8.4"
